
Microsoft Visual Studio Solution File, Format Version 12.00
# Visual Studio Version 17
VisualStudioVersion = 17.8.34511.84
MinimumVisualStudioVersion = 10.0.40219.1
Project("{FAE04EC0-301F-11D3-BF4B-00C04F79EFBC}") = "OtoNom", "OtoNom\OtoNom.csproj", "{F3CEC04C-E20E-486A-AC0D-327EF4384EEF}"
EndProject
Global
	GlobalSection(SolutionConfigurationPlatforms) = preSolution
		Debug|Any CPU = Debug|Any CPU
		Release|Any CPU = Release|Any CPU
	EndGlobalSection
	GlobalSection(ProjectConfigurationPlatforms) = postSolution
		{F3CEC04C-E20E-486A-AC0D-327EF4384EEF}.Debug|Any CPU.ActiveCfg = Debug|Any CPU
		{F3CEC04C-E20E-486A-AC0D-327EF4384EEF}.Debug|Any CPU.Build.0 = Debug|Any CPU
		{F3CEC04C-E20E-486A-AC0D-327EF4384EEF}.Release|Any CPU.ActiveCfg = Release|Any CPU
		{F3CEC04C-E20E-486A-AC0D-327EF4384EEF}.Release|Any CPU.Build.0 = Release|Any CPU
	EndGlobalSection
	GlobalSection(SolutionProperties) = preSolution
		HideSolutionNode = FALSE
	EndGlobalSection
	GlobalSection(ExtensibilityGlobals) = postSolution
		SolutionGuid = {F46A0A5F-BD7B-4BA6-A248-46575B56B8D5}
	EndGlobalSection
EndGlobal
